
Microsoft Visual Studio Solution File, Format Version 12.00
# Visual Studio Version 17
VisualStudioVersion = 17.11.35312.102
MinimumVisualStudioVersion = 10.0.40219.1
Project("{FAE04EC0-301F-11D3-BF4B-00C04F79EFBC}") = "Hospital.Core.Domain", "Hospital.Core.Domain\Hospital.Core.Domain.csproj", "{D4230D85-8BE3-4FFF-929F-DC06244327FE}"
EndProject
Project("{FAE04EC0-301F-11D3-BF4B-00C04F79EFBC}") = "Hospital.Core.Tests", "Hospital.Core.Tests\Hospital.Core.Tests.csproj", "{D525BF0C-3DB1-43FC-95BA-11DBC62224D7}"
EndProject
Global
	GlobalSection(SolutionConfigurationPlatforms) = preSolution
		Debug|Any CPU = Debug|Any CPU
		Release|Any CPU = Release|Any CPU
	EndGlobalSection
	GlobalSection(ProjectConfigurationPlatforms) = postSolution
		{D4230D85-8BE3-4FFF-929F-DC06244327FE}.Debug|Any CPU.ActiveCfg = Debug|Any CPU
		{D4230D85-8BE3-4FFF-929F-DC06244327FE}.Debug|Any CPU.Build.0 = Debug|Any CPU
		{D4230D85-8BE3-4FFF-929F-DC06244327FE}.Release|Any CPU.ActiveCfg = Release|Any CPU
		{D4230D85-8BE3-4FFF-929F-DC06244327FE}.Release|Any CPU.Build.0 = Release|Any CPU
		{D525BF0C-3DB1-43FC-95BA-11DBC62224D7}.Debug|Any CPU.ActiveCfg = Debug|Any CPU
		{D525BF0C-3DB1-43FC-95BA-11DBC62224D7}.Debug|Any CPU.Build.0 = Debug|Any CPU
		{D525BF0C-3DB1-43FC-95BA-11DBC62224D7}.Release|Any CPU.ActiveCfg = Release|Any CPU
		{D525BF0C-3DB1-43FC-95BA-11DBC62224D7}.Release|Any CPU.Build.0 = Release|Any CPU
	EndGlobalSection
	GlobalSection(SolutionProperties) = preSolution
		HideSolutionNode = FALSE
	EndGlobalSection
	GlobalSection(ExtensibilityGlobals) = postSolution
		SolutionGuid = {A01DF0C1-8FB9-433F-ABA3-0D434D9AC970}
	EndGlobalSection
EndGlobal
